// !$*UTF8*$!
{
	archiveVersion = 1;
	classes = {
	};
	objectVersion = 56;
	objects = {

/* Begin PBXBuildFile section */
		A6543B6A285D164200EA4F97 /* Crunchyroll_NativeApp.swift in Sources */ = {isa = PBXBuildFile; fileRef = A6543B69285D164200EA4F97 /* Crunchyroll_NativeApp.swift */; };
		A6543B6C285D164200EA4F97 /* Persistence.swift in Sources */ = {isa = PBXBuildFile; fileRef = A6543B6B285D164200EA4F97 /* Persistence.swift */; };
		A6543B6F285D164200EA4F97 /* Crunchyroll_Native.xcdatamodeld in Sources */ = {isa = PBXBuildFile; fileRef = A6543B6D285D164200EA4F97 /* Crunchyroll_Native.xcdatamodeld */; };
		A6543B71285D164200EA4F97 /* ContentView.swift in Sources */ = {isa = PBXBuildFile; fileRef = A6543B70285D164200EA4F97 /* ContentView.swift */; };
		A6543B73285D164300EA4F97 /* Assets.xcassets in Resources */ = {isa = PBXBuildFile; fileRef = A6543B72285D164300EA4F97 /* Assets.xcassets */; };
		A6543B77285D164300EA4F97 /* Preview Assets.xcassets in Resources */ = {isa = PBXBuildFile; fileRef = A6543B76285D164300EA4F97 /* Preview Assets.xcassets */; };
/* End PBXBuildFile section */

/* Begin PBXFileReference section */
		A6543B66285D164200EA4F97 /* Crunchyroll Native.app */ = {isa = PBXFileReference; explicitFileType = wrapper.application; includeInIndex = 0; path = "Crunchyroll Native.app"; sourceTree = BUILT_PRODUCTS_DIR; };
		A6543B69285D164200EA4F97 /* Crunchyroll_NativeApp.swift */ = {isa = PBXFileReference; lastKnownFileType = sourcecode.swift; path = Crunchyroll_NativeApp.swift; sourceTree = "<group>"; };
		A6543B6B285D164200EA4F97 /* Persistence.swift */ = {isa = PBXFileReference; lastKnownFileType = sourcecode.swift; path = Persistence.swift; sourceTree = "<group>"; };
		A6543B6E285D164200EA4F97 /* Crunchyroll_Native.xcdatamodel */ = {isa = PBXFileReference; lastKnownFileType = wrapper.xcdatamodel; path = Crunchyroll_Native.xcdatamodel; sourceTree = "<group>"; };
		A6543B70285D164200EA4F97 /* ContentView.swift */ = {isa = PBXFileReference; lastKnownFileType = sourcecode.swift; path = ContentView.swift; sourceTree = "<group>"; };
		A6543B72285D164300EA4F97 /* Assets.xcassets */ = {isa = PBXFileReference; lastKnownFileType = folder.assetcatalog; path = Assets.xcassets; sourceTree = "<group>"; };
		A6543B74285D164300EA4F97 /* Crunchyroll_Native.entitlements */ = {isa = PBXFileReference; lastKnownFileType = text.plist.entitlements; path = Crunchyroll_Native.entitlements; sourceTree = "<group>"; };
		A6543B76285D164300EA4F97 /* Preview Assets.xcassets */ = {isa = PBXFileReference; lastKnownFileType = folder.assetcatalog; path = "Preview Assets.xcassets"; sourceTree = "<group>"; };
/* End PBXFileReference section */

/* Begin PBXFrameworksBuildPhase section */
		A6543B63285D164200EA4F97 /* Frameworks */ = {
			isa = PBXFrameworksBuildPhase;
			buildActionMask = 2147483647;
			files = (
			);
			runOnlyForDeploymentPostprocessing = 0;
		};
/* End PBXFrameworksBuildPhase section */

/* Begin PBXGroup section */
		A6543B5D285D164200EA4F97 = {
			isa = PBXGroup;
			children = (
				A6543B68285D164200EA4F97 /* Crunchyroll Native */,
				A6543B67285D164200EA4F97 /* Products */,
			);
			sourceTree = "<group>";
		};
		A6543B67285D164200EA4F97 /* Products */ = {
			isa = PBXGroup;
			children = (
				A6543B66285D164200EA4F97 /* Crunchyroll Native.app */,
			);
			name = Products;
			sourceTree = "<group>";
		};
		A6543B68285D164200EA4F97 /* Crunchyroll Native */ = {
			isa = PBXGroup;
			children = (
				A6543B69285D164200EA4F97 /* Crunchyroll_NativeApp.swift */,
				A6543B6B285D164200EA4F97 /* Persistence.swift */,
				A6543B70285D164200EA4F97 /* ContentView.swift */,
				A6543B72285D164300EA4F97 /* Assets.xcassets */,
				A6543B74285D164300EA4F97 /* Crunchyroll_Native.entitlements */,
				A6543B6D285D164200EA4F97 /* Crunchyroll_Native.xcdatamodeld */,
				A6543B75285D164300EA4F97 /* Preview Content */,
			);
			path = "Crunchyroll Native";
			sourceTree = "<group>";
		};
		A6543B75285D164300EA4F97 /* Preview Content */ = {
			isa = PBXGroup;
			children = (
				A6543B76285D164300EA4F97 /* Preview Assets.xcassets */,
			);
			path = "Preview Content";
			sourceTree = "<group>";
		};
/* End PBXGroup section */

/* Begin PBXNativeTarget section */
		A6543B65285D164200EA4F97 /* Crunchyroll Native */ = {
			isa = PBXNativeTarget;
			buildConfigurationList = A6543B7A285D164400EA4F97 /* Build configuration list for PBXNativeTarget "Crunchyroll Native" */;
			buildPhases = (
				A6543B62285D164200EA4F97 /* Sources */,
				A6543B63285D164200EA4F97 /* Frameworks */,
				A6543B64285D164200EA4F97 /* Resources */,
			);
			buildRules = (
			);
			dependencies = (
			);
			name = "Crunchyroll Native";
			productName = "Crunchyroll Native";
			productReference = A6543B66285D164200EA4F97 /* Crunchyroll Native.app */;
			productType = "com.apple.product-type.application";
		};
/* End PBXNativeTarget section */

/* Begin PBXProject section */
		A6543B5E285D164200EA4F97 /* Project object */ = {
			isa = PBXProject;
			attributes = {
				BuildIndependentTargetsInParallel = 1;
				LastSwiftUpdateCheck = 1400;
				LastUpgradeCheck = 1400;
				TargetAttributes = {
					A6543B65285D164200EA4F97 = {
						CreatedOnToolsVersion = 14.0;
					};
				};
			};
			buildConfigurationList = A6543B61285D164200EA4F97 /* Build configuration list for PBXProject "Crunchyroll Native" */;
			compatibilityVersion = "Xcode 14.0";
			developmentRegion = en;
			hasScannedForEncodings = 0;
			knownRegions = (
				en,
				Base,
			);
			mainGroup = A6543B5D285D164200EA4F97;
			productRefGroup = A6543B67285D164200EA4F97 /* Products */;
			projectDirPath = "";
			projectRoot = "";
			targets = (
				A6543B65285D164200EA4F97 /* Crunchyroll Native */,
			);
		};
/* End PBXProject section */

/* Begin PBXResourcesBuildPhase section */
		A6543B64285D164200EA4F97 /* Resources */ = {
			isa = PBXResourcesBuildPhase;
			buildActionMask = 2147483647;
			files = (
				A6543B77285D164300EA4F97 /* Preview Assets.xcassets in Resources */,
				A6543B73285D164300EA4F97 /* Assets.xcassets in Resources */,
			);
			runOnlyForDeploymentPostprocessing = 0;
		};
/* End PBXResourcesBuildPhase section */

/* Begin PBXSourcesBuildPhase section */
		A6543B62285D164200EA4F97 /* Sources */ = {
			isa = PBXSourcesBuildPhase;
			buildActionMask = 2147483647;
			files = (
				A6543B6F285D164200EA4F97 /* Crunchyroll_Native.xcdatamodeld in Sources */,
				A6543B6A285D164200EA4F97 /* Crunchyroll_NativeApp.swift in Sources */,
				A6543B71285D164200EA4F97 /* ContentView.swift in Sources */,
				A6543B6C285D164200EA4F97 /* Persistence.swift in Sources */,
			);
			runOnlyForDeploymentPostprocessing = 0;
		};
/* End PBXSourcesBuildPhase section */

/* Begin XCBuildConfiguration section */
		A6543B78285D164300EA4F97 /* Debug */ = {
			isa = XCBuildConfiguration;
			buildSettings = {
				ALWAYS_SEARCH_USER_PATHS = NO;
				CLANG_ANALYZER_NONNULL = YES;
				CLANG_ANALYZER_NUMBER_OBJECT_CONVERSION = YES_AGGRESSIVE;
				CLANG_CXX_LANGUAGE_STANDARD = "gnu++17";
				CLANG_ENABLE_MODULES = YES;
				CLANG_ENABLE_OBJC_ARC = YES;
				CLANG_ENABLE_OBJC_WEAK = YES;
				CLANG_WARN_BLOCK_CAPTURE_AUTORELEASING = YES;
				CLANG_WARN_BOOL_CONVERSION = YES;
				CLANG_WARN_COMMA = YES;
				CLANG_WARN_CONSTANT_CONVERSION = YES;
				CLANG_WARN_DEPRECATED_OBJC_IMPLEMENTATIONS = YES;
				CLANG_WARN_DIRECT_OBJC_ISA_USAGE = YES_ERROR;
				CLANG_WARN_DOCUMENTATION_COMMENTS = YES;
				CLANG_WARN_EMPTY_BODY = YES;
				CLANG_WARN_ENUM_CONVERSION = YES;
				CLANG_WARN_INFINITE_RECURSION = YES;
				CLANG_WARN_INT_CONVERSION = YES;
				CLANG_WARN_NON_LITERAL_NULL_CONVERSION = YES;
				CLANG_WARN_OBJC_IMPLICIT_RETAIN_SELF = YES;
				CLANG_WARN_OBJC_LITERAL_CONVERSION = YES;
				CLANG_WARN_OBJC_ROOT_CLASS = YES_ERROR;
				CLANG_WARN_QUOTED_INCLUDE_IN_FRAMEWORK_HEADER = YES;
				CLANG_WARN_RANGE_LOOP_ANALYSIS = YES;
				CLANG_WARN_STRICT_PROTOTYPES = YES;
				CLANG_WARN_SUSPICIOUS_MOVE = YES;
				CLANG_WARN_UNGUARDED_AVAILABILITY = YES_AGGRESSIVE;
				CLANG_WARN_UNREACHABLE_CODE = YES;
				CLANG_WARN__DUPLICATE_METHOD_MATCH = YES;
				COPY_PHASE_STRIP = NO;
				DEBUG_INFORMATION_FORMAT = dwarf;
				ENABLE_STRICT_OBJC_MSGSEND = YES;
				ENABLE_TESTABILITY = YES;
				GCC_C_LANGUAGE_STANDARD = gnu11;
				GCC_DYNAMIC_NO_PIC = NO;
				GCC_NO_COMMON_BLOCKS = YES;
				GCC_OPTIMIZATION_LEVEL = 0;
				GCC_PREPROCESSOR_DEFINITIONS = (
					"DEBUG=1",
					"$(inherited)",
				);
				GCC_WARN_64_TO_32_BIT_CONVERSION = YES;
				GCC_WARN_ABOUT_RETURN_TYPE = YES_ERROR;
				GCC_WARN_UNDECLARED_SELECTOR = YES;
				GCC_WARN_UNINITIALIZED_AUTOS = YES_AGGRESSIVE;
				GCC_WARN_UNUSED_FUNCTION = YES;
				GCC_WARN_UNUSED_VARIABLE = YES;
				MTL_ENABLE_DEBUG_INFO = INCLUDE_SOURCE;
				MTL_FAST_MATH = YES;
				ONLY_ACTIVE_ARCH = YES;
				SWIFT_ACTIVE_COMPILATION_CONDITIONS = DEBUG;
				SWIFT_OPTIMIZATION_LEVEL = "-Onone";
			};
			name = Debug;
		};
		A6543B79285D164400EA4F97 /* Release */ = {
			isa = XCBuildConfiguration;
			buildSettings = {
				ALWAYS_SEARCH_USER_PATHS = NO;
				CLANG_ANALYZER_NONNULL = YES;
				CLANG_ANALYZER_NUMBER_OBJECT_CONVERSION = YES_AGGRESSIVE;
				CLANG_CXX_LANGUAGE_STANDARD = "gnu++17";
				CLANG_ENABLE_MODULES = YES;
				CLANG_ENABLE_OBJC_ARC = YES;
				CLANG_ENABLE_OBJC_WEAK = YES;
				CLANG_WARN_BLOCK_CAPTURE_AUTORELEASING = YES;
				CLANG_WARN_BOOL_CONVERSION = YES;
				CLANG_WARN_COMMA = YES;
				CLANG_WARN_CONSTANT_CONVERSION = YES;
				CLANG_WARN_DEPRECATED_OBJC_IMPLEMENTATIONS = YES;
				CLANG_WARN_DIRECT_OBJC_ISA_USAGE = YES_ERROR;
				CLANG_WARN_DOCUMENTATION_COMMENTS = YES;
				CLANG_WARN_EMPTY_BODY = YES;
				CLANG_WARN_ENUM_CONVERSION = YES;
				CLANG_WARN_INFINITE_RECURSION = YES;
				CLANG_WARN_INT_CONVERSION = YES;
				CLANG_WARN_NON_LITERAL_NULL_CONVERSION = YES;
				CLANG_WARN_OBJC_IMPLICIT_RETAIN_SELF = YES;
				CLANG_WARN_OBJC_LITERAL_CONVERSION = YES;
				CLANG_WARN_OBJC_ROOT_CLASS = YES_ERROR;
				CLANG_WARN_QUOTED_INCLUDE_IN_FRAMEWORK_HEADER = YES;
				CLANG_WARN_RANGE_LOOP_ANALYSIS = YES;
				CLANG_WARN_STRICT_PROTOTYPES = YES;
				CLANG_WARN_SUSPICIOUS_MOVE = YES;
				CLANG_WARN_UNGUARDED_AVAILABILITY = YES_AGGRESSIVE;
				CLANG_WARN_UNREACHABLE_CODE = YES;
				CLANG_WARN__DUPLICATE_METHOD_MATCH = YES;
				COPY_PHASE_STRIP = NO;
				DEBUG_INFORMATION_FORMAT = "dwarf-with-dsym";
				ENABLE_NS_ASSERTIONS = NO;
				ENABLE_STRICT_OBJC_MSGSEND = YES;
				GCC_C_LANGUAGE_STANDARD = gnu11;
				GCC_NO_COMMON_BLOCKS = YES;
				GCC_WARN_64_TO_32_BIT_CONVERSION = YES;
				GCC_WARN_ABOUT_RETURN_TYPE = YES_ERROR;
				GCC_WARN_UNDECLARED_SELECTOR = YES;
				GCC_WARN_UNINITIALIZED_AUTOS = YES_AGGRESSIVE;
				GCC_WARN_UNUSED_FUNCTION = YES;
				GCC_WARN_UNUSED_VARIABLE = YES;
				MTL_ENABLE_DEBUG_INFO = NO;
				MTL_FAST_MATH = YES;
				SWIFT_COMPILATION_MODE = wholemodule;
				SWIFT_OPTIMIZATION_LEVEL = "-O";
			};
			name = Release;
		};
		A6543B7B285D164400EA4F97 /* Debug */ = {
			isa = XCBuildConfiguration;
			buildSettings = {
				ASSETCATALOG_COMPILER_APPICON_NAME = AppIcon;
				ASSETCATALOG_COMPILER_GLOBAL_ACCENT_COLOR_NAME = AccentColor;
				CODE_SIGN_ENTITLEMENTS = "Crunchyroll Native/Crunchyroll_Native.entitlements";
				CODE_SIGN_STYLE = Automatic;
				CURRENT_PROJECT_VERSION = 1;
				DEVELOPMENT_ASSET_PATHS = "\"Crunchyroll Native/Preview Content\"";
				DEVELOPMENT_TEAM = 5DK2DU4LNM;
				ENABLE_HARDENED_RUNTIME = YES;
				ENABLE_PREVIEWS = YES;
				GENERATE_INFOPLIST_FILE = YES;
				"INFOPLIST_KEY_UILaunchScreen_Generation[sdk=iphoneos*]" = YES;
				"INFOPLIST_KEY_UILaunchScreen_Generation[sdk=iphonesimulator*]" = YES;
				INFOPLIST_KEY_UISupportedInterfaceOrientations_iPad = "UIInterfaceOrientationPortrait UIInterfaceOrientationPortraitUpsideDown UIInterfaceOrientationLandscapeLeft UIInterfaceOrientationLandscapeRight";
				INFOPLIST_KEY_UISupportedInterfaceOrientations_iPhone = "UIInterfaceOrientationPortrait UIInterfaceOrientationLandscapeLeft UIInterfaceOrientationLandscapeRight";
				IPHONEOS_DEPLOYMENT_TARGET = 16.0;
				LD_RUNPATH_SEARCH_PATHS = "@executable_path/Frameworks";
				"LD_RUNPATH_SEARCH_PATHS[sdk=macosx*]" = "@executable_path/../Frameworks";
				MACOSX_DEPLOYMENT_TARGET = 12.5;
				MARKETING_VERSION = 1.0;
				PRODUCT_BUNDLE_IDENTIFIER = "com.valentinegb.Crunchyroll-Native";
				PRODUCT_NAME = "$(TARGET_NAME)";
				SDKROOT = auto;
				SUPPORTED_PLATFORMS = "iphoneos iphonesimulator macosx";
				SWIFT_EMIT_LOC_STRINGS = YES;
				SWIFT_VERSION = 5.0;
				TARGETED_DEVICE_FAMILY = "1,2";
			};
			name = Debug;
		};
		A6543B7C285D164400EA4F97 /* Release */ = {
			isa = XCBuildConfiguration;
			buildSettings = {
				ASSETCATALOG_COMPILER_APPICON_NAME = AppIcon;
				ASSETCATALOG_COMPILER_GLOBAL_ACCENT_COLOR_NAME = AccentColor;
				CODE_SIGN_ENTITLEMENTS = "Crunchyroll Native/Crunchyroll_Native.entitlements";
				CODE_SIGN_STYLE = Automatic;
				CURRENT_PROJECT_VERSION = 1;
				DEVELOPMENT_ASSET_PATHS = "\"Crunchyroll Native/Preview Content\"";
				DEVELOPMENT_TEAM = 5DK2DU4LNM;
				ENABLE_HARDENED_RUNTIME = YES;
				ENABLE_PREVIEWS = YES;
				GENERATE_INFOPLIST_FILE = YES;
				"INFOPLIST_KEY_UILaunchScreen_Generation[sdk=iphoneos*]" = YES;
				"INFOPLIST_KEY_UILaunchScreen_Generation[sdk=iphonesimulator*]" = YES;
				INFOPLIST_KEY_UISupportedInterfaceOrientations_iPad = "UIInterfaceOrientationPortrait UIInterfaceOrientationPortraitUpsideDown UIInterfaceOrientationLandscapeLeft UIInterfaceOrientationLandscapeRight";
				INFOPLIST_KEY_UISupportedInterfaceOrientations_iPhone = "UIInterfaceOrientationPortrait UIInterfaceOrientationLandscapeLeft UIInterfaceOrientationLandscapeRight";
				IPHONEOS_DEPLOYMENT_TARGET = 16.0;
				LD_RUNPATH_SEARCH_PATHS = "@executable_path/Frameworks";
				"LD_RUNPATH_SEARCH_PATHS[sdk=macosx*]" = "@executable_path/../Frameworks";
				MACOSX_DEPLOYMENT_TARGET = 12.5;
				MARKETING_VERSION = 1.0;
				PRODUCT_BUNDLE_IDENTIFIER = "com.valentinegb.Crunchyroll-Native";
				PRODUCT_NAME = "$(TARGET_NAME)";
				SDKROOT = auto;
				SUPPORTED_PLATFORMS = "iphoneos iphonesimulator macosx";
				SWIFT_EMIT_LOC_STRINGS = YES;
				SWIFT_VERSION = 5.0;
				TARGETED_DEVICE_FAMILY = "1,2";
			};
			name = Release;
		};
/* End XCBuildConfiguration section */

/* Begin XCConfigurationList section */
		A6543B61285D164200EA4F97 /* Build configuration list for PBXProject "Crunchyroll Native" */ = {
			isa = XCConfigurationList;
			buildConfigurations = (
				A6543B78285D164300EA4F97 /* Debug */,
				A6543B79285D164400EA4F97 /* Release */,
			);
			defaultConfigurationIsVisible = 0;
			defaultConfigurationName = Release;
		};
		A6543B7A285D164400EA4F97 /* Build configuration list for PBXNativeTarget "Crunchyroll Native" */ = {
			isa = XCConfigurationList;
			buildConfigurations = (
				A6543B7B285D164400EA4F97 /* Debug */,
				A6543B7C285D164400EA4F97 /* Release */,
			);
			defaultConfigurationIsVisible = 0;
			defaultConfigurationName = Release;
		};
/* End XCConfigurationList section */

/* Begin XCVersionGroup section */
		A6543B6D285D164200EA4F97 /* Crunchyroll_Native.xcdatamodeld */ = {
			isa = XCVersionGroup;
			children = (
				A6543B6E285D164200EA4F97 /* Crunchyroll_Native.xcdatamodel */,
			);
			currentVersion = A6543B6E285D164200EA4F97 /* Crunchyroll_Native.xcdatamodel */;
			path = Crunchyroll_Native.xcdatamodeld;
			sourceTree = "<group>";
			versionGroupType = wrapper.xcdatamodel;
		};
/* End XCVersionGroup section */
	};
	rootObject = A6543B5E285D164200EA4F97 /* Project object */;
}
